
Microsoft Visual Studio Solution File, Format Version 12.00
# Visual Studio Version 17
VisualStudioVersion = 17.11.35222.181
MinimumVisualStudioVersion = 10.0.40219.1
Project("{FAE04EC0-301F-11D3-BF4B-00C04F79EFBC}") = "RoleManagementLibrary", "RoleManagementLibrary\RoleManagementLibrary.csproj", "{9EB5D8D7-471A-4B81-96B9-0ACF727CBDC3}"
EndProject
Global
	GlobalSection(SolutionConfigurationPlatforms) = preSolution
		Debug|Any CPU = Debug|Any CPU
		Release|Any CPU = Release|Any CPU
	EndGlobalSection
	GlobalSection(ProjectConfigurationPlatforms) = postSolution
		{9EB5D8D7-471A-4B81-96B9-0ACF727CBDC3}.Debug|Any CPU.ActiveCfg = Debug|Any CPU
		{9EB5D8D7-471A-4B81-96B9-0ACF727CBDC3}.Debug|Any CPU.Build.0 = Debug|Any CPU
		{9EB5D8D7-471A-4B81-96B9-0ACF727CBDC3}.Release|Any CPU.ActiveCfg = Release|Any CPU
		{9EB5D8D7-471A-4B81-96B9-0ACF727CBDC3}.Release|Any CPU.Build.0 = Release|Any CPU
	EndGlobalSection
	GlobalSection(SolutionProperties) = preSolution
		HideSolutionNode = FALSE
	EndGlobalSection
	GlobalSection(ExtensibilityGlobals) = postSolution
		SolutionGuid = {F53FA7AE-6EDD-4CBB-8C1A-885C73C90DBA}
	EndGlobalSection
EndGlobal
