
Microsoft Visual Studio Solution File, Format Version 12.00
# Visual Studio Version 17
VisualStudioVersion = 17.9.34701.34
MinimumVisualStudioVersion = 10.0.40219.1
Project("{FAE04EC0-301F-11D3-BF4B-00C04F79EFBC}") = "EmailService.Library", "EmailService.Library\EmailService.Library.csproj", "{195A915C-EF1D-482E-99AA-CFE59065237E}"
EndProject
Global
	GlobalSection(SolutionConfigurationPlatforms) = preSolution
		Debug|Any CPU = Debug|Any CPU
		Release|Any CPU = Release|Any CPU
	EndGlobalSection
	GlobalSection(ProjectConfigurationPlatforms) = postSolution
		{195A915C-EF1D-482E-99AA-CFE59065237E}.Debug|Any CPU.ActiveCfg = Debug|Any CPU
		{195A915C-EF1D-482E-99AA-CFE59065237E}.Debug|Any CPU.Build.0 = Debug|Any CPU
		{195A915C-EF1D-482E-99AA-CFE59065237E}.Release|Any CPU.ActiveCfg = Release|Any CPU
		{195A915C-EF1D-482E-99AA-CFE59065237E}.Release|Any CPU.Build.0 = Release|Any CPU
	EndGlobalSection
	GlobalSection(SolutionProperties) = preSolution
		HideSolutionNode = FALSE
	EndGlobalSection
	GlobalSection(ExtensibilityGlobals) = postSolution
		SolutionGuid = {74BDC36A-8C20-4E79-801A-6BCDE314060E}
	EndGlobalSection
EndGlobal
